
Microsoft Visual Studio Solution File, Format Version 12.00
# Visual Studio Version 17
VisualStudioVersion = 17.3.32811.315
MinimumVisualStudioVersion = 10.0.40219.1
Project("{FAE04EC0-301F-11D3-BF4B-00C04F79EFBC}") = "Backend", "Backend\Backend.csproj", "{A0A16C36-092C-4E87-8231-1FC6314B514C}"
EndProject
Global
	GlobalSection(SolutionConfigurationPlatforms) = preSolution
		Debug|Any CPU = Debug|Any CPU
		Release|Any CPU = Release|Any CPU
	EndGlobalSection
	GlobalSection(ProjectConfigurationPlatforms) = postSolution
		{A0A16C36-092C-4E87-8231-1FC6314B514C}.Debug|Any CPU.ActiveCfg = Debug|Any CPU
		{A0A16C36-092C-4E87-8231-1FC6314B514C}.Debug|Any CPU.Build.0 = Debug|Any CPU
		{A0A16C36-092C-4E87-8231-1FC6314B514C}.Release|Any CPU.ActiveCfg = Release|Any CPU
		{A0A16C36-092C-4E87-8231-1FC6314B514C}.Release|Any CPU.Build.0 = Release|Any CPU
	EndGlobalSection
	GlobalSection(SolutionProperties) = preSolution
		HideSolutionNode = FALSE
	EndGlobalSection
	GlobalSection(ExtensibilityGlobals) = postSolution
		SolutionGuid = {618139EE-013A-4100-BF9E-79C34CB794AD}
	EndGlobalSection
EndGlobal
