
Microsoft Visual Studio Solution File, Format Version 12.00
# Visual Studio Version 17
VisualStudioVersion = 17.3.32825.248
MinimumVisualStudioVersion = 10.0.40219.1
Project("{9A19103F-16F7-4668-BE54-9A1E7A4F7556}") = "SchoolDriving", "SchoolDriving\SchoolDriving.csproj", "{9480ABBF-091B-4093-9A55-D298B883F677}"
EndProject
Project("{FAE04EC0-301F-11D3-BF4B-00C04F79EFBC}") = "FrontEnd", "FrontEnd\FrontEnd.csproj", "{81121EDB-C6A3-4352-B617-19243685654B}"
EndProject
Global
	GlobalSection(SolutionConfigurationPlatforms) = preSolution
		Debug|Any CPU = Debug|Any CPU
		Release|Any CPU = Release|Any CPU
	EndGlobalSection
	GlobalSection(ProjectConfigurationPlatforms) = postSolution
		{9480ABBF-091B-4093-9A55-D298B883F677}.Debug|Any CPU.ActiveCfg = Debug|Any CPU
		{9480ABBF-091B-4093-9A55-D298B883F677}.Debug|Any CPU.Build.0 = Debug|Any CPU
		{9480ABBF-091B-4093-9A55-D298B883F677}.Release|Any CPU.ActiveCfg = Release|Any CPU
		{9480ABBF-091B-4093-9A55-D298B883F677}.Release|Any CPU.Build.0 = Release|Any CPU
		{81121EDB-C6A3-4352-B617-19243685654B}.Debug|Any CPU.ActiveCfg = Debug|Any CPU
		{81121EDB-C6A3-4352-B617-19243685654B}.Debug|Any CPU.Build.0 = Debug|Any CPU
		{81121EDB-C6A3-4352-B617-19243685654B}.Release|Any CPU.ActiveCfg = Release|Any CPU
		{81121EDB-C6A3-4352-B617-19243685654B}.Release|Any CPU.Build.0 = Release|Any CPU
	EndGlobalSection
	GlobalSection(SolutionProperties) = preSolution
		HideSolutionNode = FALSE
	EndGlobalSection
	GlobalSection(ExtensibilityGlobals) = postSolution
		SolutionGuid = {A1F25EF1-727A-4C02-811A-E3096A7DAAFB}
	EndGlobalSection
EndGlobal
